
Microsoft Visual Studio Solution File, Format Version 11.00
# Visual Studio 2010
Project("{FAE04EC0-301F-11D3-BF4B-00C04F79EFBC}") = "terrainproject", "Assembly-CSharp-firstpass.csproj", "{A95B435E-BCB5-6531-D34B-D80A13111085}"
EndProject
Project("{FAE04EC0-301F-11D3-BF4B-00C04F79EFBC}") = "terrainproject", "Assembly-CSharp-Editor-firstpass.csproj", "{E14D5D79-675A-B06A-FFE9-01F0A017B752}"
EndProject
Project("{FAE04EC0-301F-11D3-BF4B-00C04F79EFBC}") = "terrainproject", "Assembly-CSharp.csproj", "{919D4B1C-159B-91EE-4EAE-3DC530C16E04}"
EndProject
Global
	GlobalSection(SolutionConfigurationPlatforms) = preSolution
		Debug|Any CPU = Debug|Any CPU
		Release|Any CPU = Release|Any CPU
	EndGlobalSection
	GlobalSection(ProjectConfigurationPlatforms) = postSolution
		{A95B435E-BCB5-6531-D34B-D80A13111085}.Debug|Any CPU.ActiveCfg = Debug|Any CPU
		{A95B435E-BCB5-6531-D34B-D80A13111085}.Debug|Any CPU.Build.0 = Debug|Any CPU
		{A95B435E-BCB5-6531-D34B-D80A13111085}.Release|Any CPU.ActiveCfg = Release|Any CPU
		{A95B435E-BCB5-6531-D34B-D80A13111085}.Release|Any CPU.Build.0 = Release|Any CPU
		{E14D5D79-675A-B06A-FFE9-01F0A017B752}.Debug|Any CPU.ActiveCfg = Debug|Any CPU
		{E14D5D79-675A-B06A-FFE9-01F0A017B752}.Debug|Any CPU.Build.0 = Debug|Any CPU
		{E14D5D79-675A-B06A-FFE9-01F0A017B752}.Release|Any CPU.ActiveCfg = Release|Any CPU
		{E14D5D79-675A-B06A-FFE9-01F0A017B752}.Release|Any CPU.Build.0 = Release|Any CPU
		{919D4B1C-159B-91EE-4EAE-3DC530C16E04}.Debug|Any CPU.ActiveCfg = Debug|Any CPU
		{919D4B1C-159B-91EE-4EAE-3DC530C16E04}.Debug|Any CPU.Build.0 = Debug|Any CPU
		{919D4B1C-159B-91EE-4EAE-3DC530C16E04}.Release|Any CPU.ActiveCfg = Release|Any CPU
		{919D4B1C-159B-91EE-4EAE-3DC530C16E04}.Release|Any CPU.Build.0 = Release|Any CPU
	EndGlobalSection
	GlobalSection(SolutionProperties) = preSolution
		HideSolutionNode = FALSE
	EndGlobalSection
	GlobalSection(MonoDevelopProperties) = preSolution
		StartupItem = Assembly-CSharp.csproj
	EndGlobalSection
EndGlobal
